<?xml version="1.0" encoding="utf-8"?>
<Project ToolsVersion="4.0" xmlns="http://schemas.microsoft.com/developer/msbuild/2003">
  <ItemGroup>
    <ClCompile Include="..\..\cairo\src\cairo-analysis-surface.c">
      <Filter>src</Filter>
    </ClCompile>
    <ClCompile Include="..\..\cairo\src\cairo-arc.c">
      <Filter>src</Filter>
    </ClCompile>
    <ClCompile Include="..\..\cairo\src\cairo-array.c">
      <Filter>src</Filter>
    </ClCompile>
    <ClCompile Include="..\..\cairo\src\cairo-atomic.c">
      <Filter>src</Filter>
    </ClCompile>
    <ClCompile Include="..\..\cairo\src\cairo-base64-stream.c">
      <Filter>src</Filter>
    </ClCompile>
    <ClCompile Include="..\..\cairo\src\cairo-base85-stream.c">
      <Filter>src</Filter>
    </ClCompile>
    <ClCompile Include="..\..\cairo\src\cairo-bentley-ottmann-rectangular.c">
      <Filter>src</Filter>
    </ClCompile>
    <ClCompile Include="..\..\cairo\src\cairo-bentley-ottmann-rectilinear.c">
      <Filter>src</Filter>
    </ClCompile>
    <ClCompile Include="..\..\cairo\src\cairo-bentley-ottmann.c">
      <Filter>src</Filter>
    </ClCompile>
    <ClCompile Include="..\..\cairo\src\cairo-botor-scan-converter.c">
      <Filter>src</Filter>
    </ClCompile>
    <ClCompile Include="..\..\cairo\src\cairo-boxes-intersect.c">
      <Filter>src</Filter>
    </ClCompile>
    <ClCompile Include="..\..\cairo\src\cairo-boxes.c">
      <Filter>src</Filter>
    </ClCompile>
    <ClCompile Include="..\..\cairo\src\cairo-cache.c">
      <Filter>src</Filter>
    </ClCompile>
    <ClCompile Include="..\..\cairo\src\cairo-cff-subset.c">
      <Filter>src</Filter>
    </ClCompile>
    <ClCompile Include="..\..\cairo\src\cairo-clip-boxes.c">
      <Filter>src</Filter>
    </ClCompile>
    <ClCompile Include="..\..\cairo\src\cairo-clip-polygon.c">
      <Filter>src</Filter>
    </ClCompile>
    <ClCompile Include="..\..\cairo\src\cairo-clip-region.c">
      <Filter>src</Filter>
    </ClCompile>
    <ClCompile Include="..\..\cairo\src\cairo-clip-surface.c">
      <Filter>src</Filter>
    </ClCompile>
    <ClCompile Include="..\..\cairo\src\cairo-clip-tor-scan-converter.c">
      <Filter>src</Filter>
    </ClCompile>
    <ClCompile Include="..\..\cairo\src\cairo-clip.c">
      <Filter>src</Filter>
    </ClCompile>
    <ClCompile Include="..\..\cairo\src\cairo-color.c">
      <Filter>src</Filter>
    </ClCompile>
    <ClCompile Include="..\..\cairo\src\cairo-composite-rectangles.c">
      <Filter>src</Filter>
    </ClCompile>
    <ClCompile Include="..\..\cairo\src\cairo-compositor.c">
      <Filter>src</Filter>
    </ClCompile>
    <ClCompile Include="..\..\cairo\src\cairo-contour.c">
      <Filter>src</Filter>
    </ClCompile>
    <ClCompile Include="..\..\cairo\src\cairo-damage.c">
      <Filter>src</Filter>
    </ClCompile>
    <ClCompile Include="..\..\cairo\src\cairo-debug.c">
      <Filter>src</Filter>
    </ClCompile>
    <ClCompile Include="..\..\cairo\src\cairo-default-context.c">
      <Filter>src</Filter>
    </ClCompile>
    <ClCompile Include="..\..\cairo\src\cairo-deflate-stream.c">
      <Filter>src</Filter>
    </ClCompile>
    <ClCompile Include="..\..\cairo\src\cairo-device.c">
      <Filter>src</Filter>
    </ClCompile>
    <ClCompile Include="..\..\cairo\src\cairo-error.c">
      <Filter>src</Filter>
    </ClCompile>
    <ClCompile Include="..\..\cairo\src\cairo-fallback-compositor.c">
      <Filter>src</Filter>
    </ClCompile>
    <ClCompile Include="..\..\cairo\src\cairo-font-face-twin-data.c">
      <Filter>src</Filter>
    </ClCompile>
    <ClCompile Include="..\..\cairo\src\cairo-font-face-twin.c">
      <Filter>src</Filter>
    </ClCompile>
    <ClCompile Include="..\..\cairo\src\cairo-font-face.c">
      <Filter>src</Filter>
    </ClCompile>
    <ClCompile Include="..\..\cairo\src\cairo-font-options.c">
      <Filter>src</Filter>
    </ClCompile>
    <ClCompile Include="..\..\cairo\src\cairo-freelist.c">
      <Filter>src</Filter>
    </ClCompile>
    <ClCompile Include="..\..\cairo\src\cairo-gstate.c">
      <Filter>src</Filter>
    </ClCompile>
    <ClCompile Include="..\..\cairo\src\cairo-hash.c">
      <Filter>src</Filter>
    </ClCompile>
    <ClCompile Include="..\..\cairo\src\cairo-hull.c">
      <Filter>src</Filter>
    </ClCompile>
    <ClCompile Include="..\..\cairo\src\cairo-image-compositor.c">
      <Filter>src</Filter>
    </ClCompile>
    <ClCompile Include="..\..\cairo\src\cairo-image-info.c">
      <Filter>src</Filter>
    </ClCompile>
    <ClCompile Include="..\..\cairo\src\cairo-image-source.c">
      <Filter>src</Filter>
    </ClCompile>
    <ClCompile Include="..\..\cairo\src\cairo-image-surface.c">
      <Filter>src</Filter>
    </ClCompile>
    <ClCompile Include="..\..\cairo\src\cairo-line.c">
      <Filter>src</Filter>
    </ClCompile>
    <ClCompile Include="..\..\cairo\src\cairo-lzw.c">
      <Filter>src</Filter>
    </ClCompile>
    <ClCompile Include="..\..\cairo\src\cairo-mask-compositor.c">
      <Filter>src</Filter>
    </ClCompile>
    <ClCompile Include="..\..\cairo\src\cairo-matrix.c">
      <Filter>src</Filter>
    </ClCompile>
    <ClCompile Include="..\..\cairo\src\cairo-mempool.c">
      <Filter>src</Filter>
    </ClCompile>
    <ClCompile Include="..\..\cairo\src\cairo-mesh-pattern-rasterizer.c">
      <Filter>src</Filter>
    </ClCompile>
    <ClCompile Include="..\..\cairo\src\cairo-misc.c">
      <Filter>src</Filter>
    </ClCompile>
    <ClCompile Include="..\..\cairo\src\cairo-mono-scan-converter.c">
      <Filter>src</Filter>
    </ClCompile>
    <ClCompile Include="..\..\cairo\src\cairo-mutex.c">
      <Filter>src</Filter>
    </ClCompile>
    <ClCompile Include="..\..\cairo\src\cairo-no-compositor.c">
      <Filter>src</Filter>
    </ClCompile>
    <ClCompile Include="..\..\cairo\src\cairo-observer.c">
      <Filter>src</Filter>
    </ClCompile>
    <ClCompile Include="..\..\cairo\src\cairo-output-stream.c">
      <Filter>src</Filter>
    </ClCompile>
    <ClCompile Include="..\..\cairo\src\cairo-paginated-surface.c">
      <Filter>src</Filter>
    </ClCompile>
    <ClCompile Include="..\..\cairo\src\cairo-path-bounds.c">
      <Filter>src</Filter>
    </ClCompile>
    <ClCompile Include="..\..\cairo\src\cairo-path-fill.c">
      <Filter>src</Filter>
    </ClCompile>
    <ClCompile Include="..\..\cairo\src\cairo-path-fixed.c">
      <Filter>src</Filter>
    </ClCompile>
    <ClCompile Include="..\..\cairo\src\cairo-path-in-fill.c">
      <Filter>src</Filter>
    </ClCompile>
    <ClCompile Include="..\..\cairo\src\cairo-path-stroke-boxes.c">
      <Filter>src</Filter>
    </ClCompile>
    <ClCompile Include="..\..\cairo\src\cairo-path-stroke-polygon.c">
      <Filter>src</Filter>
    </ClCompile>
    <ClCompile Include="..\..\cairo\src\cairo-path-stroke-traps.c">
      <Filter>src</Filter>
    </ClCompile>
    <ClCompile Include="..\..\cairo\src\cairo-path-stroke-tristrip.c">
      <Filter>src</Filter>
    </ClCompile>
    <ClCompile Include="..\..\cairo\src\cairo-path-stroke.c">
      <Filter>src</Filter>
    </ClCompile>
    <ClCompile Include="..\..\cairo\src\cairo-path.c">
      <Filter>src</Filter>
    </ClCompile>
    <ClCompile Include="..\..\cairo\src\cairo-pattern.c">
      <Filter>src</Filter>
    </ClCompile>
    <ClCompile Include="..\..\cairo\src\cairo-pdf-operators.c">
      <Filter>src</Filter>
    </ClCompile>
    <ClCompile Include="..\..\cairo\src\cairo-pdf-shading.c">
      <Filter>src</Filter>
    </ClCompile>
    <ClCompile Include="..\..\cairo\src\cairo-pdf-surface.c">
      <Filter>src</Filter>
    </ClCompile>
    <ClCompile Include="..\..\cairo\src\cairo-pen.c">
      <Filter>src</Filter>
    </ClCompile>
    <ClCompile Include="..\..\cairo\src\cairo-png.c">
      <Filter>src</Filter>
    </ClCompile>
    <ClCompile Include="..\..\cairo\src\cairo-polygon-intersect.c">
      <Filter>src</Filter>
    </ClCompile>
    <ClCompile Include="..\..\cairo\src\cairo-polygon-reduce.c">
      <Filter>src</Filter>
    </ClCompile>
    <ClCompile Include="..\..\cairo\src\cairo-polygon.c">
      <Filter>src</Filter>
    </ClCompile>
    <ClCompile Include="..\..\cairo\src\cairo-ps-surface.c">
      <Filter>src</Filter>
    </ClCompile>
    <ClCompile Include="..\..\cairo\src\cairo-raster-source-pattern.c">
      <Filter>src</Filter>
    </ClCompile>
    <ClCompile Include="..\..\cairo\src\cairo-recording-surface.c">
      <Filter>src</Filter>
    </ClCompile>
    <ClCompile Include="..\..\cairo\src\cairo-rectangle.c">
      <Filter>src</Filter>
    </ClCompile>
    <ClCompile Include="..\..\cairo\src\cairo-rectangular-scan-converter.c">
      <Filter>src</Filter>
    </ClCompile>
    <ClCompile Include="..\..\cairo\src\cairo-region.c">
      <Filter>src</Filter>
    </ClCompile>
    <ClCompile Include="..\..\cairo\src\cairo-rtree.c">
      <Filter>src</Filter>
    </ClCompile>
    <ClCompile Include="..\..\cairo\src\cairo-scaled-font-subsets.c">
      <Filter>src</Filter>
    </ClCompile>
    <ClCompile Include="..\..\cairo\src\cairo-scaled-font.c">
      <Filter>src</Filter>
    </ClCompile>
    <ClCompile Include="..\..\cairo\src\cairo-script-surface.c">
      <Filter>src</Filter>
    </ClCompile>
    <ClCompile Include="..\..\cairo\src\cairo-shape-mask-compositor.c">
      <Filter>src</Filter>
    </ClCompile>
    <ClCompile Include="..\..\cairo\src\cairo-slope.c">
      <Filter>src</Filter>
    </ClCompile>
    <ClCompile Include="..\..\cairo\src\cairo-spans-compositor.c">
      <Filter>src</Filter>
    </ClCompile>
    <ClCompile Include="..\..\cairo\src\cairo-spans.c">
      <Filter>src</Filter>
    </ClCompile>
    <ClCompile Include="..\..\cairo\src\cairo-spline.c">
      <Filter>src</Filter>
    </ClCompile>
    <ClCompile Include="..\..\cairo\src\cairo-stroke-dash.c">
      <Filter>src</Filter>
    </ClCompile>
    <ClCompile Include="..\..\cairo\src\cairo-stroke-style.c">
      <Filter>src</Filter>
    </ClCompile>
    <ClCompile Include="..\..\cairo\src\cairo-surface-clipper.c">
      <Filter>src</Filter>
    </ClCompile>
    <ClCompile Include="..\..\cairo\src\cairo-surface-fallback.c">
      <Filter>src</Filter>
    </ClCompile>
    <ClCompile Include="..\..\cairo\src\cairo-surface-observer.c">
      <Filter>src</Filter>
    </ClCompile>
    <ClCompile Include="..\..\cairo\src\cairo-surface-offset.c">
      <Filter>src</Filter>
    </ClCompile>
    <ClCompile Include="..\..\cairo\src\cairo-surface-snapshot.c">
      <Filter>src</Filter>
    </ClCompile>
    <ClCompile Include="..\..\cairo\src\cairo-surface-subsurface.c">
      <Filter>src</Filter>
    </ClCompile>
    <ClCompile Include="..\..\cairo\src\cairo-surface-wrapper.c">
      <Filter>src</Filter>
    </ClCompile>
    <ClCompile Include="..\..\cairo\src\cairo-surface.c">
      <Filter>src</Filter>
    </ClCompile>
    <ClCompile Include="..\..\cairo\src\cairo-svg-surface.c">
      <Filter>src</Filter>
    </ClCompile>
    <ClCompile Include="..\..\cairo\src\cairo-time.c">
      <Filter>src</Filter>
    </ClCompile>
    <ClCompile Include="..\..\cairo\src\cairo-tor-scan-converter.c">
      <Filter>src</Filter>
    </ClCompile>
    <ClCompile Include="..\..\cairo\src\cairo-tor22-scan-converter.c">
      <Filter>src</Filter>
    </ClCompile>
    <ClCompile Include="..\..\cairo\src\cairo-toy-font-face.c">
      <Filter>src</Filter>
    </ClCompile>
    <ClCompile Include="..\..\cairo\src\cairo-traps-compositor.c">
      <Filter>src</Filter>
    </ClCompile>
    <ClCompile Include="..\..\cairo\src\cairo-traps.c">
      <Filter>src</Filter>
    </ClCompile>
    <ClCompile Include="..\..\cairo\src\cairo-tristrip.c">
      <Filter>src</Filter>
    </ClCompile>
    <ClCompile Include="..\..\cairo\src\cairo-truetype-subset.c">
      <Filter>src</Filter>
    </ClCompile>
    <ClCompile Include="..\..\cairo\src\cairo-type1-fallback.c">
      <Filter>src</Filter>
    </ClCompile>
    <ClCompile Include="..\..\cairo\src\cairo-type1-glyph-names.c">
      <Filter>src</Filter>
    </ClCompile>
    <ClCompile Include="..\..\cairo\src\cairo-type1-subset.c">
      <Filter>src</Filter>
    </ClCompile>
    <ClCompile Include="..\..\cairo\src\cairo-type3-glyph-surface.c">
      <Filter>src</Filter>
    </ClCompile>
    <ClCompile Include="..\..\cairo\src\cairo-unicode.c">
      <Filter>src</Filter>
    </ClCompile>
    <ClCompile Include="..\..\cairo\src\cairo-user-font.c">
      <Filter>src</Filter>
    </ClCompile>
    <ClCompile Include="..\..\cairo\src\cairo-version.c">
      <Filter>src</Filter>
    </ClCompile>
    <ClCompile Include="..\..\cairo\src\cairo-wideint.c">
      <Filter>src</Filter>
    </ClCompile>
    <ClCompile Include="..\..\cairo\src\cairo-xml-surface.c">
      <Filter>src</Filter>
    </ClCompile>
    <ClCompile Include="..\..\cairo\src\cairo.c">
      <Filter>src</Filter>
    </ClCompile>
    <ClCompile Include="..\..\cairo\src\win32\cairo-win32-debug.c">
      <Filter>src\win32</Filter>
    </ClCompile>
    <ClCompile Include="..\..\cairo\src\win32\cairo-win32-device.c">
      <Filter>src\win32</Filter>
    </ClCompile>
    <ClCompile Include="..\..\cairo\src\win32\cairo-win32-display-surface.c">
      <Filter>src\win32</Filter>
    </ClCompile>
    <ClCompile Include="..\..\cairo\src\win32\cairo-win32-font.c">
      <Filter>src\win32</Filter>
    </ClCompile>
    <ClCompile Include="..\..\cairo\src\win32\cairo-win32-gdi-compositor.c">
      <Filter>src\win32</Filter>
    </ClCompile>
    <ClCompile Include="..\..\cairo\src\win32\cairo-win32-printing-surface.c">
      <Filter>src\win32</Filter>
    </ClCompile>
    <ClCompile Include="..\..\cairo\src\win32\cairo-win32-surface.c">
      <Filter>src\win32</Filter>
    </ClCompile>
  </ItemGroup>
  <ItemGroup>
    <CLInclude Include="..\..\cairo\src\cairo-analysis-surface-private.h">
      <Filter>src</Filter>
    </CLInclude>
    <CLInclude Include="..\..\cairo\src\cairo-arc-private.h">
      <Filter>src</Filter>
    </CLInclude>
    <CLInclude Include="..\..\cairo\src\cairo-array-private.h">
      <Filter>src</Filter>
    </CLInclude>
    <CLInclude Include="..\..\cairo\src\cairo-atomic-private.h">
      <Filter>src</Filter>
    </CLInclude>
    <CLInclude Include="..\..\cairo\src\cairo-backend-private.h">
      <Filter>src</Filter>
    </CLInclude>
    <CLInclude Include="..\..\cairo\src\cairo-beos.h">
      <Filter>src</Filter>
    </CLInclude>
    <CLInclude Include="..\..\cairo\src\cairo-box-inline.h">
      <Filter>src</Filter>
    </CLInclude>
    <CLInclude Include="..\..\cairo\src\cairo-boxes-private.h">
      <Filter>src</Filter>
    </CLInclude>
    <CLInclude Include="..\..\cairo\src\cairo-cache-private.h">
      <Filter>src</Filter>
    </CLInclude>
    <CLInclude Include="..\..\cairo\src\cairo-clip-inline.h">
      <Filter>src</Filter>
    </CLInclude>
    <CLInclude Include="..\..\cairo\src\cairo-clip-private.h">
      <Filter>src</Filter>
    </CLInclude>
    <CLInclude Include="..\..\cairo\src\cairo-cogl-context-private.h">
      <Filter>src</Filter>
    </CLInclude>
    <CLInclude Include="..\..\cairo\src\cairo-cogl-gradient-private.h">
      <Filter>src</Filter>
    </CLInclude>
    <CLInclude Include="..\..\cairo\src\cairo-cogl-private.h">
      <Filter>src</Filter>
    </CLInclude>
    <CLInclude Include="..\..\cairo\src\cairo-cogl-utils-private.h">
      <Filter>src</Filter>
    </CLInclude>
    <CLInclude Include="..\..\cairo\src\cairo-cogl.h">
      <Filter>src</Filter>
    </CLInclude>
    <CLInclude Include="..\..\cairo\src\cairo-combsort-inline.h">
      <Filter>src</Filter>
    </CLInclude>
    <CLInclude Include="..\..\cairo\src\cairo-compiler-private.h">
      <Filter>src</Filter>
    </CLInclude>
    <CLInclude Include="..\..\cairo\src\cairo-composite-rectangles-private.h">
      <Filter>src</Filter>
    </CLInclude>
    <CLInclude Include="..\..\cairo\src\cairo-compositor-private.h">
      <Filter>src</Filter>
    </CLInclude>
    <CLInclude Include="..\..\cairo\src\cairo-contour-inline.h">
      <Filter>src</Filter>
    </CLInclude>
    <CLInclude Include="..\..\cairo\src\cairo-contour-private.h">
      <Filter>src</Filter>
    </CLInclude>
    <CLInclude Include="..\..\cairo\src\cairo-damage-private.h">
      <Filter>src</Filter>
    </CLInclude>
    <CLInclude Include="..\..\cairo\src\cairo-default-context-private.h">
      <Filter>src</Filter>
    </CLInclude>
    <CLInclude Include="..\..\cairo\src\cairo-deprecated.h">
      <Filter>src</Filter>
    </CLInclude>
    <CLInclude Include="..\..\cairo\src\cairo-device-private.h">
      <Filter>src</Filter>
    </CLInclude>
    <CLInclude Include="..\..\cairo\src\cairo-directfb.h">
      <Filter>src</Filter>
    </CLInclude>
    <CLInclude Include="..\..\cairo\src\cairo-drm.h">
      <Filter>src</Filter>
    </CLInclude>
    <CLInclude Include="..\..\cairo\src\cairo-error-inline.h">
      <Filter>src</Filter>
    </CLInclude>
    <CLInclude Include="..\..\cairo\src\cairo-error-private.h">
      <Filter>src</Filter>
    </CLInclude>
    <CLInclude Include="..\..\cairo\src\cairo-features.h">
      <Filter>src</Filter>
    </CLInclude>
    <CLInclude Include="..\..\cairo\src\cairo-fixed-private.h">
      <Filter>src</Filter>
    </CLInclude>
    <CLInclude Include="..\..\cairo\src\cairo-fixed-type-private.h">
      <Filter>src</Filter>
    </CLInclude>
    <CLInclude Include="..\..\cairo\src\cairo-fontconfig-private.h">
      <Filter>src</Filter>
    </CLInclude>
    <CLInclude Include="..\..\cairo\src\cairo-freed-pool-private.h">
      <Filter>src</Filter>
    </CLInclude>
    <CLInclude Include="..\..\cairo\src\cairo-freelist-private.h">
      <Filter>src</Filter>
    </CLInclude>
    <CLInclude Include="..\..\cairo\src\cairo-freelist-type-private.h">
      <Filter>src</Filter>
    </CLInclude>
    <CLInclude Include="..\..\cairo\src\cairo-ft-private.h">
      <Filter>src</Filter>
    </CLInclude>
    <CLInclude Include="..\..\cairo\src\cairo-ft.h">
      <Filter>src</Filter>
    </CLInclude>
    <CLInclude Include="..\..\cairo\src\cairo-gl-dispatch-private.h">
      <Filter>src</Filter>
    </CLInclude>
    <CLInclude Include="..\..\cairo\src\cairo-gl-ext-def-private.h">
      <Filter>src</Filter>
    </CLInclude>
    <CLInclude Include="..\..\cairo\src\cairo-gl-gradient-private.h">
      <Filter>src</Filter>
    </CLInclude>
    <CLInclude Include="..\..\cairo\src\cairo-gl-private.h">
      <Filter>src</Filter>
    </CLInclude>
    <CLInclude Include="..\..\cairo\src\cairo-gl.h">
      <Filter>src</Filter>
    </CLInclude>
    <CLInclude Include="..\..\cairo\src\cairo-gstate-private.h">
      <Filter>src</Filter>
    </CLInclude>
    <CLInclude Include="..\..\cairo\src\cairo-hash-private.h">
      <Filter>src</Filter>
    </CLInclude>
    <CLInclude Include="..\..\cairo\src\cairo-image-info-private.h">
      <Filter>src</Filter>
    </CLInclude>
    <CLInclude Include="..\..\cairo\src\cairo-image-surface-inline.h">
      <Filter>src</Filter>
    </CLInclude>
    <CLInclude Include="..\..\cairo\src\cairo-image-surface-private.h">
      <Filter>src</Filter>
    </CLInclude>
    <CLInclude Include="..\..\cairo\src\cairo-line-inline.h">
      <Filter>src</Filter>
    </CLInclude>
    <CLInclude Include="..\..\cairo\src\cairo-line-private.h">
      <Filter>src</Filter>
    </CLInclude>
    <CLInclude Include="..\..\cairo\src\cairo-list-inline.h">
      <Filter>src</Filter>
    </CLInclude>
    <CLInclude Include="..\..\cairo\src\cairo-list-private.h">
      <Filter>src</Filter>
    </CLInclude>
    <CLInclude Include="..\..\cairo\src\cairo-malloc-private.h">
      <Filter>src</Filter>
    </CLInclude>
    <CLInclude Include="..\..\cairo\src\cairo-mempool-private.h">
      <Filter>src</Filter>
    </CLInclude>
    <CLInclude Include="..\..\cairo\src\cairo-mutex-impl-private.h">
      <Filter>src</Filter>
    </CLInclude>
    <CLInclude Include="..\..\cairo\src\cairo-mutex-list-private.h">
      <Filter>src</Filter>
    </CLInclude>
    <CLInclude Include="..\..\cairo\src\cairo-mutex-private.h">
      <Filter>src</Filter>
    </CLInclude>
    <CLInclude Include="..\..\cairo\src\cairo-mutex-type-private.h">
      <Filter>src</Filter>
    </CLInclude>
    <CLInclude Include="..\..\cairo\src\cairo-os2-private.h">
      <Filter>src</Filter>
    </CLInclude>
    <CLInclude Include="..\..\cairo\src\cairo-os2.h">
      <Filter>src</Filter>
    </CLInclude>
    <CLInclude Include="..\..\cairo\src\cairo-output-stream-private.h">
      <Filter>src</Filter>
    </CLInclude>
    <CLInclude Include="..\..\cairo\src\cairo-paginated-private.h">
      <Filter>src</Filter>
    </CLInclude>
    <CLInclude Include="..\..\cairo\src\cairo-paginated-surface-private.h">
      <Filter>src</Filter>
    </CLInclude>
    <CLInclude Include="..\..\cairo\src\cairo-path-fixed-private.h">
      <Filter>src</Filter>
    </CLInclude>
    <CLInclude Include="..\..\cairo\src\cairo-path-private.h">
      <Filter>src</Filter>
    </CLInclude>
    <CLInclude Include="..\..\cairo\src\cairo-pattern-inline.h">
      <Filter>src</Filter>
    </CLInclude>
    <CLInclude Include="..\..\cairo\src\cairo-pattern-private.h">
      <Filter>src</Filter>
    </CLInclude>
    <CLInclude Include="..\..\cairo\src\cairo-pdf-operators-private.h">
      <Filter>src</Filter>
    </CLInclude>
    <CLInclude Include="..\..\cairo\src\cairo-pdf-shading-private.h">
      <Filter>src</Filter>
    </CLInclude>
    <CLInclude Include="..\..\cairo\src\cairo-pdf-surface-private.h">
      <Filter>src</Filter>
    </CLInclude>
    <CLInclude Include="..\..\cairo\src\cairo-pdf.h">
      <Filter>src</Filter>
    </CLInclude>
    <CLInclude Include="..\..\cairo\src\cairo-pixman-private.h">
      <Filter>src</Filter>
    </CLInclude>
    <CLInclude Include="..\..\cairo\src\cairo-private.h">
      <Filter>src</Filter>
    </CLInclude>
    <CLInclude Include="..\..\cairo\src\cairo-ps-surface-private.h">
      <Filter>src</Filter>
    </CLInclude>
    <CLInclude Include="..\..\cairo\src\cairo-ps.h">
      <Filter>src</Filter>
    </CLInclude>
    <CLInclude Include="..\..\cairo\src\cairo-qt.h">
      <Filter>src</Filter>
    </CLInclude>
    <CLInclude Include="..\..\cairo\src\cairo-quartz-image.h">
      <Filter>src</Filter>
    </CLInclude>
    <CLInclude Include="..\..\cairo\src\cairo-quartz-private.h">
      <Filter>src</Filter>
    </CLInclude>
    <CLInclude Include="..\..\cairo\src\cairo-quartz.h">
      <Filter>src</Filter>
    </CLInclude>
    <CLInclude Include="..\..\cairo\src\cairo-recording-surface-inline.h">
      <Filter>src</Filter>
    </CLInclude>
    <CLInclude Include="..\..\cairo\src\cairo-recording-surface-private.h">
      <Filter>src</Filter>
    </CLInclude>
    <CLInclude Include="..\..\cairo\src\cairo-reference-count-private.h">
      <Filter>src</Filter>
    </CLInclude>
    <CLInclude Include="..\..\cairo\src\cairo-region-private.h">
      <Filter>src</Filter>
    </CLInclude>
    <CLInclude Include="..\..\cairo\src\cairo-rtree-private.h">
      <Filter>src</Filter>
    </CLInclude>
    <CLInclude Include="..\..\cairo\src\cairo-scaled-font-private.h">
      <Filter>src</Filter>
    </CLInclude>
    <CLInclude Include="..\..\cairo\src\cairo-scaled-font-subsets-private.h">
      <Filter>src</Filter>
    </CLInclude>
    <CLInclude Include="..\..\cairo\src\cairo-script-private.h">
      <Filter>src</Filter>
    </CLInclude>
    <CLInclude Include="..\..\cairo\src\cairo-script.h">
      <Filter>src</Filter>
    </CLInclude>
    <CLInclude Include="..\..\cairo\src\cairo-skia.h">
      <Filter>src</Filter>
    </CLInclude>
    <CLInclude Include="..\..\cairo\src\cairo-slope-private.h">
      <Filter>src</Filter>
    </CLInclude>
    <CLInclude Include="..\..\cairo\src\cairo-spans-compositor-private.h">
      <Filter>src</Filter>
    </CLInclude>
    <CLInclude Include="..\..\cairo\src\cairo-spans-private.h">
      <Filter>src</Filter>
    </CLInclude>
    <CLInclude Include="..\..\cairo\src\cairo-stroke-dash-private.h">
      <Filter>src</Filter>
    </CLInclude>
    <CLInclude Include="..\..\cairo\src\cairo-surface-backend-private.h">
      <Filter>src</Filter>
    </CLInclude>
    <CLInclude Include="..\..\cairo\src\cairo-surface-clipper-private.h">
      <Filter>src</Filter>
    </CLInclude>
    <CLInclude Include="..\..\cairo\src\cairo-surface-fallback-private.h">
      <Filter>src</Filter>
    </CLInclude>
    <CLInclude Include="..\..\cairo\src\cairo-surface-inline.h">
      <Filter>src</Filter>
    </CLInclude>
    <CLInclude Include="..\..\cairo\src\cairo-surface-observer-inline.h">
      <Filter>src</Filter>
    </CLInclude>
    <CLInclude Include="..\..\cairo\src\cairo-surface-observer-private.h">
      <Filter>src</Filter>
    </CLInclude>
    <CLInclude Include="..\..\cairo\src\cairo-surface-offset-private.h">
      <Filter>src</Filter>
    </CLInclude>
    <CLInclude Include="..\..\cairo\src\cairo-surface-private.h">
      <Filter>src</Filter>
    </CLInclude>
    <CLInclude Include="..\..\cairo\src\cairo-surface-snapshot-inline.h">
      <Filter>src</Filter>
    </CLInclude>
    <CLInclude Include="..\..\cairo\src\cairo-surface-snapshot-private.h">
      <Filter>src</Filter>
    </CLInclude>
    <CLInclude Include="..\..\cairo\src\cairo-surface-subsurface-inline.h">
      <Filter>src</Filter>
    </CLInclude>
    <CLInclude Include="..\..\cairo\src\cairo-surface-subsurface-private.h">
      <Filter>src</Filter>
    </CLInclude>
    <CLInclude Include="..\..\cairo\src\cairo-surface-wrapper-private.h">
      <Filter>src</Filter>
    </CLInclude>
    <CLInclude Include="..\..\cairo\src\cairo-svg-surface-private.h">
      <Filter>src</Filter>
    </CLInclude>
    <CLInclude Include="..\..\cairo\src\cairo-svg.h">
      <Filter>src</Filter>
    </CLInclude>
    <CLInclude Include="..\..\cairo\src\cairo-tee-surface-private.h">
      <Filter>src</Filter>
    </CLInclude>
    <CLInclude Include="..\..\cairo\src\cairo-tee.h">
      <Filter>src</Filter>
    </CLInclude>
    <CLInclude Include="..\..\cairo\src\cairo-time-private.h">
      <Filter>src</Filter>
    </CLInclude>
    <CLInclude Include="..\..\cairo\src\cairo-traps-private.h">
      <Filter>src</Filter>
    </CLInclude>
    <CLInclude Include="..\..\cairo\src\cairo-tristrip-private.h">
      <Filter>src</Filter>
    </CLInclude>
    <CLInclude Include="..\..\cairo\src\cairo-truetype-subset-private.h">
      <Filter>src</Filter>
    </CLInclude>
    <CLInclude Include="..\..\cairo\src\cairo-type1-private.h">
      <Filter>src</Filter>
    </CLInclude>
    <CLInclude Include="..\..\cairo\src\cairo-type3-glyph-surface-private.h">
      <Filter>src</Filter>
    </CLInclude>
    <CLInclude Include="..\..\cairo\src\cairo-types-private.h">
      <Filter>src</Filter>
    </CLInclude>
    <CLInclude Include="..\..\cairo\src\cairo-user-font-private.h">
      <Filter>src</Filter>
    </CLInclude>
    <CLInclude Include="..\..\cairo\src\cairo-version.h">
      <Filter>src</Filter>
    </CLInclude>
    <CLInclude Include="..\..\cairo\src\cairo-vg.h">
      <Filter>src</Filter>
    </CLInclude>
    <CLInclude Include="..\..\cairo\src\cairo-wideint-private.h">
      <Filter>src</Filter>
    </CLInclude>
    <CLInclude Include="..\..\cairo\src\cairo-wideint-type-private.h">
      <Filter>src</Filter>
    </CLInclude>
    <CLInclude Include="..\..\cairo\src\cairo-win32.h">
      <Filter>src</Filter>
    </CLInclude>
    <CLInclude Include="..\..\cairo\src\cairo-xcb-private.h">
      <Filter>src</Filter>
    </CLInclude>
    <CLInclude Include="..\..\cairo\src\cairo-xcb.h">
      <Filter>src</Filter>
    </CLInclude>
    <CLInclude Include="..\..\cairo\src\cairo-xlib-private.h">
      <Filter>src</Filter>
    </CLInclude>
    <CLInclude Include="..\..\cairo\src\cairo-xlib-surface-private.h">
      <Filter>src</Filter>
    </CLInclude>
    <CLInclude Include="..\..\cairo\src\cairo-xlib-xrender-private.h">
      <Filter>src</Filter>
    </CLInclude>
    <CLInclude Include="..\..\cairo\src\cairo-xlib-xrender.h">
      <Filter>src</Filter>
    </CLInclude>
    <CLInclude Include="..\..\cairo\src\cairo-xlib.h">
      <Filter>src</Filter>
    </CLInclude>
    <CLInclude Include="..\..\cairo\src\cairo-xml.h">
      <Filter>src</Filter>
    </CLInclude>
    <CLInclude Include="..\..\cairo\src\cairo.h">
      <Filter>src</Filter>
    </CLInclude>
    <CLInclude Include="..\..\cairo\src\cairoint.h">
      <Filter>src</Filter>
    </CLInclude>
    <CLInclude Include="..\..\cairo\src\test-compositor-surface-private.h">
      <Filter>src</Filter>
    </CLInclude>
    <CLInclude Include="..\..\cairo\src\win32\cairo-win32-private.h">
      <Filter>src\win32</Filter>
    </CLInclude>
  </ItemGroup>
  <ItemGroup>
    <Filter Include="src">
      <UniqueIdentifier>{FD97DB46-13B4-43E8-B182-7773F9DD3A2F}</UniqueIdentifier>
    </Filter>
    <Filter Include="src\win32">
      <UniqueIdentifier>{38543411-7526-492D-86CE-1E715F0E89CB}</UniqueIdentifier>
    </Filter>
  </ItemGroup>
</Project>
