<?xml version="1.0" encoding="utf-8"?>
<Project ToolsVersion="4.0" xmlns="http://schemas.microsoft.com/developer/msbuild/2003">
  <ItemGroup>
    <ClCompile Include="..\..\ImageMagick\filters\analyze.c">
      <Filter>filters</Filter>
    </ClCompile>
  </ItemGroup>
  <ItemGroup>
  </ItemGroup>
  <ItemGroup>
    <Filter Include="filters">
      <UniqueIdentifier>{B59553C9-F3DA-4E0B-99D1-7D2D8591BAC6}</UniqueIdentifier>
    </Filter>
  </ItemGroup>
</Project>
