<?xml version="1.0" encoding="utf-8"?>
<Project ToolsVersion="4.0" xmlns="http://schemas.microsoft.com/developer/msbuild/2003">
  <ItemGroup>
    <ClCompile Include="..\..\ImageMagick\Magick++\fuzz\encoder_pattern_fuzzer.cc">
      <Filter>Magick++\fuzz</Filter>
    </ClCompile>
    <ClCompile Include="..\..\ImageMagick\Magick++\fuzz\main.cc">
      <Filter>Magick++\fuzz</Filter>
    </ClCompile>
  </ItemGroup>
  <ItemGroup>
  </ItemGroup>
  <ItemGroup>
    <Filter Include="Magick++\fuzz">
      <UniqueIdentifier>{EA6D2C46-BB34-4223-8AA3-5E85AA5A0167}</UniqueIdentifier>
    </Filter>
    <Filter Include="Magick++">
      <UniqueIdentifier>{1042C364-C90D-42DC-B1A8-03F07A992B7F}</UniqueIdentifier>
    </Filter>
  </ItemGroup>
</Project>
