<?xml version="1.0" encoding="utf-8"?>
<Project ToolsVersion="4.0" xmlns="http://schemas.microsoft.com/developer/msbuild/2003">
  <ItemGroup>
    <ClCompile Include="..\..\ImageMagick\Magick++\fuzz\crop_fuzzer.cc">
      <Filter>Magick++\fuzz</Filter>
    </ClCompile>
    <ClCompile Include="..\..\ImageMagick\Magick++\fuzz\main.cc">
      <Filter>Magick++\fuzz</Filter>
    </ClCompile>
  </ItemGroup>
  <ItemGroup>
  </ItemGroup>
  <ItemGroup>
    <Filter Include="Magick++\fuzz">
      <UniqueIdentifier>{9BF8E324-E419-49F8-AD92-96000EA47F07}</UniqueIdentifier>
    </Filter>
    <Filter Include="Magick++">
      <UniqueIdentifier>{80C53414-95F1-4176-8D68-78BEE4523790}</UniqueIdentifier>
    </Filter>
  </ItemGroup>
</Project>
