<?xml version="1.0" encoding="utf-8"?>
<Project ToolsVersion="4.0" xmlns="http://schemas.microsoft.com/developer/msbuild/2003">
  <ItemGroup>
    <ClCompile Include="..\..\ImageMagick\Magick++\fuzz\enhance_fuzzer.cc">
      <Filter>Magick++\fuzz</Filter>
    </ClCompile>
    <ClCompile Include="..\..\ImageMagick\Magick++\fuzz\main.cc">
      <Filter>Magick++\fuzz</Filter>
    </ClCompile>
  </ItemGroup>
  <ItemGroup>
  </ItemGroup>
  <ItemGroup>
    <Filter Include="Magick++\fuzz">
      <UniqueIdentifier>{03A56692-D62B-429D-A854-C8E6FAB92E1D}</UniqueIdentifier>
    </Filter>
    <Filter Include="Magick++">
      <UniqueIdentifier>{5ED63446-5C6D-496A-AC5F-90866BF4C4B4}</UniqueIdentifier>
    </Filter>
  </ItemGroup>
</Project>
