Microsoft Visual Studio Solution File, Format Version 12.00
# Visual Studio 2019
Project("{8BC9CEB8-8B4A-11D0-8D11-00A0C91BC942}") = "CORE_aom", ".\aom\CORE_aom_StaticMT.vcxproj", "{31B9C80E-9103-4681-91CA-898BA73EA78B}"
EndProject
Project("{8BC9CEB8-8B4A-11D0-8D11-00A0C91BC942}") = "CORE_bzlib", ".\bzlib\CORE_bzlib_StaticMT.vcxproj", "{88594AE2-7130-4065-A967-1C628DC8A45C}"
EndProject
Project("{8BC9CEB8-8B4A-11D0-8D11-00A0C91BC942}") = "CORE_cairo", ".\cairo\CORE_cairo_StaticMT.vcxproj", "{A292F63F-2F34-47D3-BDBB-E45C0CD83A10}"
EndProject
Project("{8BC9CEB8-8B4A-11D0-8D11-00A0C91BC942}") = "CORE_coders", ".\coders\CORE_coders_StaticMT.vcxproj", "{BA55BC75-BCDC-4F4F-8DE7-D307325FCC9B}"
EndProject
Project("{8BC9CEB8-8B4A-11D0-8D11-00A0C91BC942}") = "CORE_croco", ".\croco\CORE_croco_StaticMT.vcxproj", "{5E44B433-96DC-4EC1-8C93-941575E6B8EE}"
EndProject
Project("{8BC9CEB8-8B4A-11D0-8D11-00A0C91BC942}") = "UTIL_dcraw", ".\dcraw\UTIL_dcraw_StaticMT.vcxproj", "{B68500C1-78AD-49E3-98F6-E52F73AA5888}"
EndProject
Project("{8BC9CEB8-8B4A-11D0-8D11-00A0C91BC942}") = "CORE_exr", ".\exr\CORE_exr_StaticMT.vcxproj", "{2FC179D7-4EF8-474D-B391-D1B9DB841399}"
EndProject
Project("{8BC9CEB8-8B4A-11D0-8D11-00A0C91BC942}") = "CORE_ffi", ".\ffi\CORE_ffi_StaticMT.vcxproj", "{29F8460E-CC51-4737-93A3-75043BE9787D}"
EndProject
Project("{8BC9CEB8-8B4A-11D0-8D11-00A0C91BC942}") = "CORE_filters", ".\filters\CORE_filters_StaticMT.vcxproj", "{E9EB581C-B4AB-4960-85EB-DC9839E48E44}"
EndProject
Project("{8BC9CEB8-8B4A-11D0-8D11-00A0C91BC942}") = "CORE_flif", ".\flif\CORE_flif_StaticMT.vcxproj", "{0AE59029-6EE4-4157-BAC8-E9F84581A3EE}"
EndProject
Project("{8BC9CEB8-8B4A-11D0-8D11-00A0C91BC942}") = "CORE_freetype", ".\freetype\CORE_freetype_StaticMT.vcxproj", "{A9E2E7CC-4FA3-4347-9E2F-F8B0F8F28B00}"
EndProject
Project("{8BC9CEB8-8B4A-11D0-8D11-00A0C91BC942}") = "FUZZ_crop_fuzzer", ".\fuzz\FUZZ_crop_fuzzer_StaticMT.vcxproj", "{FE91ED8C-387F-42FB-8E16-A98C45F36587}"
EndProject
Project("{8BC9CEB8-8B4A-11D0-8D11-00A0C91BC942}") = "FUZZ_encoder_fuzzer", ".\fuzz\FUZZ_encoder_fuzzer_StaticMT.vcxproj", "{76A82E33-F7E4-45FE-A922-0421833C8E06}"
EndProject
Project("{8BC9CEB8-8B4A-11D0-8D11-00A0C91BC942}") = "FUZZ_encoder_gradient_fuzzer", ".\fuzz\FUZZ_encoder_gradient_fuzzer_StaticMT.vcxproj", "{C5B185E6-AF03-461E-8D4B-37B48195CA1D}"
EndProject
Project("{8BC9CEB8-8B4A-11D0-8D11-00A0C91BC942}") = "FUZZ_encoder_label_fuzzer", ".\fuzz\FUZZ_encoder_label_fuzzer_StaticMT.vcxproj", "{C9894945-4A84-4591-B0CA-50089E859DDE}"
EndProject
Project("{8BC9CEB8-8B4A-11D0-8D11-00A0C91BC942}") = "FUZZ_encoder_pattern_fuzzer", ".\fuzz\FUZZ_encoder_pattern_fuzzer_StaticMT.vcxproj", "{741BB874-6F8E-4C8A-AC65-25B2361DACA4}"
EndProject
Project("{8BC9CEB8-8B4A-11D0-8D11-00A0C91BC942}") = "FUZZ_encoder_plasma_fuzzer", ".\fuzz\FUZZ_encoder_plasma_fuzzer_StaticMT.vcxproj", "{1F3CE392-9830-4BC7-B547-F44FD6F6B0EA}"
EndProject
Project("{8BC9CEB8-8B4A-11D0-8D11-00A0C91BC942}") = "FUZZ_encoder_radial-gradient_fuzzer", ".\fuzz\FUZZ_encoder_radial-gradient_fuzzer_StaticMT.vcxproj", "{4003C556-B62F-43A1-98FD-8C6969A1ADAC}"
EndProject
Project("{8BC9CEB8-8B4A-11D0-8D11-00A0C91BC942}") = "FUZZ_encoder_xc_fuzzer", ".\fuzz\FUZZ_encoder_xc_fuzzer_StaticMT.vcxproj", "{D054E025-7C99-439B-B2B5-DAF6ABEAC353}"
EndProject
Project("{8BC9CEB8-8B4A-11D0-8D11-00A0C91BC942}") = "FUZZ_enhance_fuzzer", ".\fuzz\FUZZ_enhance_fuzzer_StaticMT.vcxproj", "{032C18B1-FB7D-4680-9AA8-080DF3EFFAF8}"
EndProject
Project("{8BC9CEB8-8B4A-11D0-8D11-00A0C91BC942}") = "FUZZ_huffman_decode_fuzzer", ".\fuzz\FUZZ_huffman_decode_fuzzer_StaticMT.vcxproj", "{C41AF766-1E50-4156-B8F7-F9FEEADE9D4F}"
EndProject
Project("{8BC9CEB8-8B4A-11D0-8D11-00A0C91BC942}") = "FUZZ_ping_fuzzer", ".\fuzz\FUZZ_ping_fuzzer_StaticMT.vcxproj", "{A69375DC-5CDE-4C5E-8D68-AEE3AFE15AA9}"
EndProject
Project("{8BC9CEB8-8B4A-11D0-8D11-00A0C91BC942}") = "FUZZ_rotate_fuzzer", ".\fuzz\FUZZ_rotate_fuzzer_StaticMT.vcxproj", "{56F783C8-AFCE-4F8D-994D-4310CD9E14BC}"
EndProject
Project("{8BC9CEB8-8B4A-11D0-8D11-00A0C91BC942}") = "CORE_glib", ".\glib\CORE_glib_StaticMT.vcxproj", "{4AD965D5-569B-4DD4-B5FF-652F8102D52E}"
EndProject
Project("{8BC9CEB8-8B4A-11D0-8D11-00A0C91BC942}") = "COM_ImageMagickObject", ".\ImageMagickObject\COM_ImageMagickObject_StaticMT.vcxproj", "{6F16051C-381D-4399-9696-3F240CE83906}"
EndProject
Project("{8BC9CEB8-8B4A-11D0-8D11-00A0C91BC942}") = "UTIL_IMDisplay", ".\IMDisplay\UTIL_IMDisplay_StaticMT.vcxproj", "{5F753AAD-4477-43B9-94BC-B3EF725DD408}"
EndProject
Project("{8BC9CEB8-8B4A-11D0-8D11-00A0C91BC942}") = "CORE_jp2", ".\jp2\CORE_jp2_StaticMT.vcxproj", "{49529994-8FD4-477C-B316-AEF88BE86AFC}"
EndProject
Project("{8BC9CEB8-8B4A-11D0-8D11-00A0C91BC942}") = "CORE_jpeg", ".\jpeg\CORE_jpeg_StaticMT.vcxproj", "{2AEA006D-9EAD-419E-9671-6B31A9A9037A}"
EndProject
Project("{8BC9CEB8-8B4A-11D0-8D11-00A0C91BC942}") = "CORE_lcms", ".\lcms\CORE_lcms_StaticMT.vcxproj", "{1A17861B-877C-48D1-92C4-EA73B51960CC}"
EndProject
Project("{8BC9CEB8-8B4A-11D0-8D11-00A0C91BC942}") = "CORE_libde265", ".\libde265\CORE_libde265_StaticMT.vcxproj", "{B403A3F0-00B3-4268-87B0-28A018AEF98C}"
EndProject
Project("{8BC9CEB8-8B4A-11D0-8D11-00A0C91BC942}") = "CORE_libheif", ".\libheif\CORE_libheif_StaticMT.vcxproj", "{219031E7-911D-455C-971F-0DE4FA810346}"
EndProject
Project("{8BC9CEB8-8B4A-11D0-8D11-00A0C91BC942}") = "CORE_liblzma", ".\liblzma\CORE_liblzma_StaticMT.vcxproj", "{D7F6FCEB-05B1-45F3-B248-66143B60922A}"
EndProject
Project("{8BC9CEB8-8B4A-11D0-8D11-00A0C91BC942}") = "CORE_libraw", ".\libraw\CORE_libraw_StaticMT.vcxproj", "{F3B8CA0F-0FE8-46B8-9C42-F83B42262516}"
EndProject
Project("{8BC9CEB8-8B4A-11D0-8D11-00A0C91BC942}") = "CORE_librsvg", ".\librsvg\CORE_librsvg_StaticMT.vcxproj", "{ADCD6DA2-149C-49A8-8347-1DA8D281AFA5}"
EndProject
Project("{8BC9CEB8-8B4A-11D0-8D11-00A0C91BC942}") = "CORE_libxml", ".\libxml\CORE_libxml_StaticMT.vcxproj", "{CAF6A110-97C6-4BA5-BCAB-7BA77294AC21}"
EndProject
Project("{8BC9CEB8-8B4A-11D0-8D11-00A0C91BC942}") = "CORE_lqr", ".\lqr\CORE_lqr_StaticMT.vcxproj", "{420B5079-28FF-4D09-95A2-8FC3C94B73B8}"
EndProject
Project("{8BC9CEB8-8B4A-11D0-8D11-00A0C91BC942}") = "CORE_Magick++", ".\Magick++\CORE_Magick++_StaticMT.vcxproj", "{B7187349-E668-4019-B638-85E83FE4E819}"
EndProject
Project("{8BC9CEB8-8B4A-11D0-8D11-00A0C91BC942}") = "CORE_MagickCore", ".\MagickCore\CORE_MagickCore_StaticMT.vcxproj", "{F753BC4F-EBBB-46FB-8249-12F8638BCD78}"
EndProject
Project("{8BC9CEB8-8B4A-11D0-8D11-00A0C91BC942}") = "CORE_MagickWand", ".\MagickWand\CORE_MagickWand_StaticMT.vcxproj", "{A32D325E-65D7-4479-9415-DA6491A82233}"
EndProject
Project("{8BC9CEB8-8B4A-11D0-8D11-00A0C91BC942}") = "CORE_openjpeg", ".\openjpeg\CORE_openjpeg_StaticMT.vcxproj", "{C5B0045F-16F7-4453-9FC3-2D7CDE903CB1}"
EndProject
Project("{8BC9CEB8-8B4A-11D0-8D11-00A0C91BC942}") = "CORE_pango", ".\pango\CORE_pango_StaticMT.vcxproj", "{3C84FF8E-D140-4843-B363-987C6E865427}"
EndProject
Project("{8BC9CEB8-8B4A-11D0-8D11-00A0C91BC942}") = "CORE_pixman", ".\pixman\CORE_pixman_StaticMT.vcxproj", "{B3A508C2-9152-4F2C-87D1-992A59335493}"
EndProject
Project("{8BC9CEB8-8B4A-11D0-8D11-00A0C91BC942}") = "CORE_png", ".\png\CORE_png_StaticMT.vcxproj", "{63BF747F-7612-4CA0-9DF3-2A8EAC7C5707}"
EndProject
Project("{8BC9CEB8-8B4A-11D0-8D11-00A0C91BC942}") = "CORE_tiff", ".\tiff\CORE_tiff_StaticMT.vcxproj", "{ADD36F5F-76BE-46E4-861E-83F1BEDD84CE}"
EndProject
Project("{8BC9CEB8-8B4A-11D0-8D11-00A0C91BC942}") = "UTIL_magick", ".\utilities\UTIL_magick_StaticMT.vcxproj", "{92ECA784-C3D7-4C97-81FA-42D24A913573}"
EndProject
Project("{8BC9CEB8-8B4A-11D0-8D11-00A0C91BC942}") = "UTIL_compare", ".\utilities\UTIL_compare_StaticMT.vcxproj", "{F148D21D-F7C3-4379-957C-FCA8529E063A}"
EndProject
Project("{8BC9CEB8-8B4A-11D0-8D11-00A0C91BC942}") = "UTIL_composite", ".\utilities\UTIL_composite_StaticMT.vcxproj", "{E0070B6A-10F6-46B8-80FE-10287B71C741}"
EndProject
Project("{8BC9CEB8-8B4A-11D0-8D11-00A0C91BC942}") = "UTIL_conjure", ".\utilities\UTIL_conjure_StaticMT.vcxproj", "{72A4E4A2-9E1A-4457-9644-3662C4AD095C}"
EndProject
Project("{8BC9CEB8-8B4A-11D0-8D11-00A0C91BC942}") = "UTIL_convert", ".\utilities\UTIL_convert_StaticMT.vcxproj", "{0DDCDC4F-CBDA-4294-9CE4-46E09BB62437}"
EndProject
Project("{8BC9CEB8-8B4A-11D0-8D11-00A0C91BC942}") = "UTIL_identify", ".\utilities\UTIL_identify_StaticMT.vcxproj", "{76CFC86A-73F4-4565-B4FC-2F1CC3CC4735}"
EndProject
Project("{8BC9CEB8-8B4A-11D0-8D11-00A0C91BC942}") = "UTIL_mogrify", ".\utilities\UTIL_mogrify_StaticMT.vcxproj", "{F8254252-C648-4CC3-AFEB-251A62ED5370}"
EndProject
Project("{8BC9CEB8-8B4A-11D0-8D11-00A0C91BC942}") = "UTIL_montage", ".\utilities\UTIL_montage_StaticMT.vcxproj", "{0893D6E4-3AC1-41BA-9E47-04725BDCDF0F}"
EndProject
Project("{8BC9CEB8-8B4A-11D0-8D11-00A0C91BC942}") = "UTIL_stream", ".\utilities\UTIL_stream_StaticMT.vcxproj", "{DD83AF31-DB7B-4AFA-A0D8-94CDF9884D21}"
EndProject
Project("{8BC9CEB8-8B4A-11D0-8D11-00A0C91BC942}") = "CORE_webp", ".\webp\CORE_webp_StaticMT.vcxproj", "{5E7A07C7-497F-427C-914D-1FF16E646609}"
EndProject
Project("{8BC9CEB8-8B4A-11D0-8D11-00A0C91BC942}") = "CORE_zlib", ".\zlib\CORE_zlib_StaticMT.vcxproj", "{6CD57906-81D9-4FCB-8780-D9404310A2E9}"
EndProject
EndProject
Global
	GlobalSection(SolutionConfigurationPlatforms) = preSolution
		Debug|Win32 = Debug|Win32
		Release|Win32 = Release|Win32
	EndGlobalSection
	GlobalSection(ProjectConfigurationPlatforms) = postSolution
		{31B9C80E-9103-4681-91CA-898BA73EA78B}.Debug|Win32.ActiveCfg = Debug|Win32
		{31B9C80E-9103-4681-91CA-898BA73EA78B}.Debug|Win32.Build.0 = Debug|Win32
		{31B9C80E-9103-4681-91CA-898BA73EA78B}.Release|Win32.ActiveCfg = Release|Win32
		{31B9C80E-9103-4681-91CA-898BA73EA78B}.Release|Win32.Build.0 = Release|Win32
		{88594AE2-7130-4065-A967-1C628DC8A45C}.Debug|Win32.ActiveCfg = Debug|Win32
		{88594AE2-7130-4065-A967-1C628DC8A45C}.Debug|Win32.Build.0 = Debug|Win32
		{88594AE2-7130-4065-A967-1C628DC8A45C}.Release|Win32.ActiveCfg = Release|Win32
		{88594AE2-7130-4065-A967-1C628DC8A45C}.Release|Win32.Build.0 = Release|Win32
		{A292F63F-2F34-47D3-BDBB-E45C0CD83A10}.Debug|Win32.ActiveCfg = Debug|Win32
		{A292F63F-2F34-47D3-BDBB-E45C0CD83A10}.Debug|Win32.Build.0 = Debug|Win32
		{A292F63F-2F34-47D3-BDBB-E45C0CD83A10}.Release|Win32.ActiveCfg = Release|Win32
		{A292F63F-2F34-47D3-BDBB-E45C0CD83A10}.Release|Win32.Build.0 = Release|Win32
		{BA55BC75-BCDC-4F4F-8DE7-D307325FCC9B}.Debug|Win32.ActiveCfg = Debug|Win32
		{BA55BC75-BCDC-4F4F-8DE7-D307325FCC9B}.Debug|Win32.Build.0 = Debug|Win32
		{BA55BC75-BCDC-4F4F-8DE7-D307325FCC9B}.Release|Win32.ActiveCfg = Release|Win32
		{BA55BC75-BCDC-4F4F-8DE7-D307325FCC9B}.Release|Win32.Build.0 = Release|Win32
		{5E44B433-96DC-4EC1-8C93-941575E6B8EE}.Debug|Win32.ActiveCfg = Debug|Win32
		{5E44B433-96DC-4EC1-8C93-941575E6B8EE}.Debug|Win32.Build.0 = Debug|Win32
		{5E44B433-96DC-4EC1-8C93-941575E6B8EE}.Release|Win32.ActiveCfg = Release|Win32
		{5E44B433-96DC-4EC1-8C93-941575E6B8EE}.Release|Win32.Build.0 = Release|Win32
		{B68500C1-78AD-49E3-98F6-E52F73AA5888}.Debug|Win32.ActiveCfg = Debug|Win32
		{B68500C1-78AD-49E3-98F6-E52F73AA5888}.Debug|Win32.Build.0 = Debug|Win32
		{B68500C1-78AD-49E3-98F6-E52F73AA5888}.Release|Win32.ActiveCfg = Release|Win32
		{B68500C1-78AD-49E3-98F6-E52F73AA5888}.Release|Win32.Build.0 = Release|Win32
		{2FC179D7-4EF8-474D-B391-D1B9DB841399}.Debug|Win32.ActiveCfg = Debug|Win32
		{2FC179D7-4EF8-474D-B391-D1B9DB841399}.Debug|Win32.Build.0 = Debug|Win32
		{2FC179D7-4EF8-474D-B391-D1B9DB841399}.Release|Win32.ActiveCfg = Release|Win32
		{2FC179D7-4EF8-474D-B391-D1B9DB841399}.Release|Win32.Build.0 = Release|Win32
		{29F8460E-CC51-4737-93A3-75043BE9787D}.Debug|Win32.ActiveCfg = Debug|Win32
		{29F8460E-CC51-4737-93A3-75043BE9787D}.Debug|Win32.Build.0 = Debug|Win32
		{29F8460E-CC51-4737-93A3-75043BE9787D}.Release|Win32.ActiveCfg = Release|Win32
		{29F8460E-CC51-4737-93A3-75043BE9787D}.Release|Win32.Build.0 = Release|Win32
		{E9EB581C-B4AB-4960-85EB-DC9839E48E44}.Debug|Win32.ActiveCfg = Debug|Win32
		{E9EB581C-B4AB-4960-85EB-DC9839E48E44}.Debug|Win32.Build.0 = Debug|Win32
		{E9EB581C-B4AB-4960-85EB-DC9839E48E44}.Release|Win32.ActiveCfg = Release|Win32
		{E9EB581C-B4AB-4960-85EB-DC9839E48E44}.Release|Win32.Build.0 = Release|Win32
		{0AE59029-6EE4-4157-BAC8-E9F84581A3EE}.Debug|Win32.ActiveCfg = Debug|Win32
		{0AE59029-6EE4-4157-BAC8-E9F84581A3EE}.Debug|Win32.Build.0 = Debug|Win32
		{0AE59029-6EE4-4157-BAC8-E9F84581A3EE}.Release|Win32.ActiveCfg = Release|Win32
		{0AE59029-6EE4-4157-BAC8-E9F84581A3EE}.Release|Win32.Build.0 = Release|Win32
		{A9E2E7CC-4FA3-4347-9E2F-F8B0F8F28B00}.Debug|Win32.ActiveCfg = Debug|Win32
		{A9E2E7CC-4FA3-4347-9E2F-F8B0F8F28B00}.Debug|Win32.Build.0 = Debug|Win32
		{A9E2E7CC-4FA3-4347-9E2F-F8B0F8F28B00}.Release|Win32.ActiveCfg = Release|Win32
		{A9E2E7CC-4FA3-4347-9E2F-F8B0F8F28B00}.Release|Win32.Build.0 = Release|Win32
		{FE91ED8C-387F-42FB-8E16-A98C45F36587}.Debug|Win32.ActiveCfg = Debug|Win32
		{FE91ED8C-387F-42FB-8E16-A98C45F36587}.Debug|Win32.Build.0 = Debug|Win32
		{FE91ED8C-387F-42FB-8E16-A98C45F36587}.Release|Win32.ActiveCfg = Release|Win32
		{FE91ED8C-387F-42FB-8E16-A98C45F36587}.Release|Win32.Build.0 = Release|Win32
		{76A82E33-F7E4-45FE-A922-0421833C8E06}.Debug|Win32.ActiveCfg = Debug|Win32
		{76A82E33-F7E4-45FE-A922-0421833C8E06}.Debug|Win32.Build.0 = Debug|Win32
		{76A82E33-F7E4-45FE-A922-0421833C8E06}.Release|Win32.ActiveCfg = Release|Win32
		{76A82E33-F7E4-45FE-A922-0421833C8E06}.Release|Win32.Build.0 = Release|Win32
		{C5B185E6-AF03-461E-8D4B-37B48195CA1D}.Debug|Win32.ActiveCfg = Debug|Win32
		{C5B185E6-AF03-461E-8D4B-37B48195CA1D}.Debug|Win32.Build.0 = Debug|Win32
		{C5B185E6-AF03-461E-8D4B-37B48195CA1D}.Release|Win32.ActiveCfg = Release|Win32
		{C5B185E6-AF03-461E-8D4B-37B48195CA1D}.Release|Win32.Build.0 = Release|Win32
		{C9894945-4A84-4591-B0CA-50089E859DDE}.Debug|Win32.ActiveCfg = Debug|Win32
		{C9894945-4A84-4591-B0CA-50089E859DDE}.Debug|Win32.Build.0 = Debug|Win32
		{C9894945-4A84-4591-B0CA-50089E859DDE}.Release|Win32.ActiveCfg = Release|Win32
		{C9894945-4A84-4591-B0CA-50089E859DDE}.Release|Win32.Build.0 = Release|Win32
		{741BB874-6F8E-4C8A-AC65-25B2361DACA4}.Debug|Win32.ActiveCfg = Debug|Win32
		{741BB874-6F8E-4C8A-AC65-25B2361DACA4}.Debug|Win32.Build.0 = Debug|Win32
		{741BB874-6F8E-4C8A-AC65-25B2361DACA4}.Release|Win32.ActiveCfg = Release|Win32
		{741BB874-6F8E-4C8A-AC65-25B2361DACA4}.Release|Win32.Build.0 = Release|Win32
		{1F3CE392-9830-4BC7-B547-F44FD6F6B0EA}.Debug|Win32.ActiveCfg = Debug|Win32
		{1F3CE392-9830-4BC7-B547-F44FD6F6B0EA}.Debug|Win32.Build.0 = Debug|Win32
		{1F3CE392-9830-4BC7-B547-F44FD6F6B0EA}.Release|Win32.ActiveCfg = Release|Win32
		{1F3CE392-9830-4BC7-B547-F44FD6F6B0EA}.Release|Win32.Build.0 = Release|Win32
		{4003C556-B62F-43A1-98FD-8C6969A1ADAC}.Debug|Win32.ActiveCfg = Debug|Win32
		{4003C556-B62F-43A1-98FD-8C6969A1ADAC}.Debug|Win32.Build.0 = Debug|Win32
		{4003C556-B62F-43A1-98FD-8C6969A1ADAC}.Release|Win32.ActiveCfg = Release|Win32
		{4003C556-B62F-43A1-98FD-8C6969A1ADAC}.Release|Win32.Build.0 = Release|Win32
		{D054E025-7C99-439B-B2B5-DAF6ABEAC353}.Debug|Win32.ActiveCfg = Debug|Win32
		{D054E025-7C99-439B-B2B5-DAF6ABEAC353}.Debug|Win32.Build.0 = Debug|Win32
		{D054E025-7C99-439B-B2B5-DAF6ABEAC353}.Release|Win32.ActiveCfg = Release|Win32
		{D054E025-7C99-439B-B2B5-DAF6ABEAC353}.Release|Win32.Build.0 = Release|Win32
		{032C18B1-FB7D-4680-9AA8-080DF3EFFAF8}.Debug|Win32.ActiveCfg = Debug|Win32
		{032C18B1-FB7D-4680-9AA8-080DF3EFFAF8}.Debug|Win32.Build.0 = Debug|Win32
		{032C18B1-FB7D-4680-9AA8-080DF3EFFAF8}.Release|Win32.ActiveCfg = Release|Win32
		{032C18B1-FB7D-4680-9AA8-080DF3EFFAF8}.Release|Win32.Build.0 = Release|Win32
		{C41AF766-1E50-4156-B8F7-F9FEEADE9D4F}.Debug|Win32.ActiveCfg = Debug|Win32
		{C41AF766-1E50-4156-B8F7-F9FEEADE9D4F}.Debug|Win32.Build.0 = Debug|Win32
		{C41AF766-1E50-4156-B8F7-F9FEEADE9D4F}.Release|Win32.ActiveCfg = Release|Win32
		{C41AF766-1E50-4156-B8F7-F9FEEADE9D4F}.Release|Win32.Build.0 = Release|Win32
		{A69375DC-5CDE-4C5E-8D68-AEE3AFE15AA9}.Debug|Win32.ActiveCfg = Debug|Win32
		{A69375DC-5CDE-4C5E-8D68-AEE3AFE15AA9}.Debug|Win32.Build.0 = Debug|Win32
		{A69375DC-5CDE-4C5E-8D68-AEE3AFE15AA9}.Release|Win32.ActiveCfg = Release|Win32
		{A69375DC-5CDE-4C5E-8D68-AEE3AFE15AA9}.Release|Win32.Build.0 = Release|Win32
		{56F783C8-AFCE-4F8D-994D-4310CD9E14BC}.Debug|Win32.ActiveCfg = Debug|Win32
		{56F783C8-AFCE-4F8D-994D-4310CD9E14BC}.Debug|Win32.Build.0 = Debug|Win32
		{56F783C8-AFCE-4F8D-994D-4310CD9E14BC}.Release|Win32.ActiveCfg = Release|Win32
		{56F783C8-AFCE-4F8D-994D-4310CD9E14BC}.Release|Win32.Build.0 = Release|Win32
		{4AD965D5-569B-4DD4-B5FF-652F8102D52E}.Debug|Win32.ActiveCfg = Debug|Win32
		{4AD965D5-569B-4DD4-B5FF-652F8102D52E}.Debug|Win32.Build.0 = Debug|Win32
		{4AD965D5-569B-4DD4-B5FF-652F8102D52E}.Release|Win32.ActiveCfg = Release|Win32
		{4AD965D5-569B-4DD4-B5FF-652F8102D52E}.Release|Win32.Build.0 = Release|Win32
		{6F16051C-381D-4399-9696-3F240CE83906}.Debug|Win32.ActiveCfg = Debug|Win32
		{6F16051C-381D-4399-9696-3F240CE83906}.Debug|Win32.Build.0 = Debug|Win32
		{6F16051C-381D-4399-9696-3F240CE83906}.Release|Win32.ActiveCfg = Release|Win32
		{6F16051C-381D-4399-9696-3F240CE83906}.Release|Win32.Build.0 = Release|Win32
		{5F753AAD-4477-43B9-94BC-B3EF725DD408}.Debug|Win32.ActiveCfg = Debug|Win32
		{5F753AAD-4477-43B9-94BC-B3EF725DD408}.Debug|Win32.Build.0 = Debug|Win32
		{5F753AAD-4477-43B9-94BC-B3EF725DD408}.Release|Win32.ActiveCfg = Release|Win32
		{5F753AAD-4477-43B9-94BC-B3EF725DD408}.Release|Win32.Build.0 = Release|Win32
		{49529994-8FD4-477C-B316-AEF88BE86AFC}.Debug|Win32.ActiveCfg = Debug|Win32
		{49529994-8FD4-477C-B316-AEF88BE86AFC}.Debug|Win32.Build.0 = Debug|Win32
		{49529994-8FD4-477C-B316-AEF88BE86AFC}.Release|Win32.ActiveCfg = Release|Win32
		{49529994-8FD4-477C-B316-AEF88BE86AFC}.Release|Win32.Build.0 = Release|Win32
		{2AEA006D-9EAD-419E-9671-6B31A9A9037A}.Debug|Win32.ActiveCfg = Debug|Win32
		{2AEA006D-9EAD-419E-9671-6B31A9A9037A}.Debug|Win32.Build.0 = Debug|Win32
		{2AEA006D-9EAD-419E-9671-6B31A9A9037A}.Release|Win32.ActiveCfg = Release|Win32
		{2AEA006D-9EAD-419E-9671-6B31A9A9037A}.Release|Win32.Build.0 = Release|Win32
		{1A17861B-877C-48D1-92C4-EA73B51960CC}.Debug|Win32.ActiveCfg = Debug|Win32
		{1A17861B-877C-48D1-92C4-EA73B51960CC}.Debug|Win32.Build.0 = Debug|Win32
		{1A17861B-877C-48D1-92C4-EA73B51960CC}.Release|Win32.ActiveCfg = Release|Win32
		{1A17861B-877C-48D1-92C4-EA73B51960CC}.Release|Win32.Build.0 = Release|Win32
		{B403A3F0-00B3-4268-87B0-28A018AEF98C}.Debug|Win32.ActiveCfg = Debug|Win32
		{B403A3F0-00B3-4268-87B0-28A018AEF98C}.Debug|Win32.Build.0 = Debug|Win32
		{B403A3F0-00B3-4268-87B0-28A018AEF98C}.Release|Win32.ActiveCfg = Release|Win32
		{B403A3F0-00B3-4268-87B0-28A018AEF98C}.Release|Win32.Build.0 = Release|Win32
		{219031E7-911D-455C-971F-0DE4FA810346}.Debug|Win32.ActiveCfg = Debug|Win32
		{219031E7-911D-455C-971F-0DE4FA810346}.Debug|Win32.Build.0 = Debug|Win32
		{219031E7-911D-455C-971F-0DE4FA810346}.Release|Win32.ActiveCfg = Release|Win32
		{219031E7-911D-455C-971F-0DE4FA810346}.Release|Win32.Build.0 = Release|Win32
		{D7F6FCEB-05B1-45F3-B248-66143B60922A}.Debug|Win32.ActiveCfg = Debug|Win32
		{D7F6FCEB-05B1-45F3-B248-66143B60922A}.Debug|Win32.Build.0 = Debug|Win32
		{D7F6FCEB-05B1-45F3-B248-66143B60922A}.Release|Win32.ActiveCfg = Release|Win32
		{D7F6FCEB-05B1-45F3-B248-66143B60922A}.Release|Win32.Build.0 = Release|Win32
		{F3B8CA0F-0FE8-46B8-9C42-F83B42262516}.Debug|Win32.ActiveCfg = Debug|Win32
		{F3B8CA0F-0FE8-46B8-9C42-F83B42262516}.Debug|Win32.Build.0 = Debug|Win32
		{F3B8CA0F-0FE8-46B8-9C42-F83B42262516}.Release|Win32.ActiveCfg = Release|Win32
		{F3B8CA0F-0FE8-46B8-9C42-F83B42262516}.Release|Win32.Build.0 = Release|Win32
		{ADCD6DA2-149C-49A8-8347-1DA8D281AFA5}.Debug|Win32.ActiveCfg = Debug|Win32
		{ADCD6DA2-149C-49A8-8347-1DA8D281AFA5}.Debug|Win32.Build.0 = Debug|Win32
		{ADCD6DA2-149C-49A8-8347-1DA8D281AFA5}.Release|Win32.ActiveCfg = Release|Win32
		{ADCD6DA2-149C-49A8-8347-1DA8D281AFA5}.Release|Win32.Build.0 = Release|Win32
		{CAF6A110-97C6-4BA5-BCAB-7BA77294AC21}.Debug|Win32.ActiveCfg = Debug|Win32
		{CAF6A110-97C6-4BA5-BCAB-7BA77294AC21}.Debug|Win32.Build.0 = Debug|Win32
		{CAF6A110-97C6-4BA5-BCAB-7BA77294AC21}.Release|Win32.ActiveCfg = Release|Win32
		{CAF6A110-97C6-4BA5-BCAB-7BA77294AC21}.Release|Win32.Build.0 = Release|Win32
		{420B5079-28FF-4D09-95A2-8FC3C94B73B8}.Debug|Win32.ActiveCfg = Debug|Win32
		{420B5079-28FF-4D09-95A2-8FC3C94B73B8}.Debug|Win32.Build.0 = Debug|Win32
		{420B5079-28FF-4D09-95A2-8FC3C94B73B8}.Release|Win32.ActiveCfg = Release|Win32
		{420B5079-28FF-4D09-95A2-8FC3C94B73B8}.Release|Win32.Build.0 = Release|Win32
		{B7187349-E668-4019-B638-85E83FE4E819}.Debug|Win32.ActiveCfg = Debug|Win32
		{B7187349-E668-4019-B638-85E83FE4E819}.Debug|Win32.Build.0 = Debug|Win32
		{B7187349-E668-4019-B638-85E83FE4E819}.Release|Win32.ActiveCfg = Release|Win32
		{B7187349-E668-4019-B638-85E83FE4E819}.Release|Win32.Build.0 = Release|Win32
		{F753BC4F-EBBB-46FB-8249-12F8638BCD78}.Debug|Win32.ActiveCfg = Debug|Win32
		{F753BC4F-EBBB-46FB-8249-12F8638BCD78}.Debug|Win32.Build.0 = Debug|Win32
		{F753BC4F-EBBB-46FB-8249-12F8638BCD78}.Release|Win32.ActiveCfg = Release|Win32
		{F753BC4F-EBBB-46FB-8249-12F8638BCD78}.Release|Win32.Build.0 = Release|Win32
		{A32D325E-65D7-4479-9415-DA6491A82233}.Debug|Win32.ActiveCfg = Debug|Win32
		{A32D325E-65D7-4479-9415-DA6491A82233}.Debug|Win32.Build.0 = Debug|Win32
		{A32D325E-65D7-4479-9415-DA6491A82233}.Release|Win32.ActiveCfg = Release|Win32
		{A32D325E-65D7-4479-9415-DA6491A82233}.Release|Win32.Build.0 = Release|Win32
		{C5B0045F-16F7-4453-9FC3-2D7CDE903CB1}.Debug|Win32.ActiveCfg = Debug|Win32
		{C5B0045F-16F7-4453-9FC3-2D7CDE903CB1}.Debug|Win32.Build.0 = Debug|Win32
		{C5B0045F-16F7-4453-9FC3-2D7CDE903CB1}.Release|Win32.ActiveCfg = Release|Win32
		{C5B0045F-16F7-4453-9FC3-2D7CDE903CB1}.Release|Win32.Build.0 = Release|Win32
		{3C84FF8E-D140-4843-B363-987C6E865427}.Debug|Win32.ActiveCfg = Debug|Win32
		{3C84FF8E-D140-4843-B363-987C6E865427}.Debug|Win32.Build.0 = Debug|Win32
		{3C84FF8E-D140-4843-B363-987C6E865427}.Release|Win32.ActiveCfg = Release|Win32
		{3C84FF8E-D140-4843-B363-987C6E865427}.Release|Win32.Build.0 = Release|Win32
		{B3A508C2-9152-4F2C-87D1-992A59335493}.Debug|Win32.ActiveCfg = Debug|Win32
		{B3A508C2-9152-4F2C-87D1-992A59335493}.Debug|Win32.Build.0 = Debug|Win32
		{B3A508C2-9152-4F2C-87D1-992A59335493}.Release|Win32.ActiveCfg = Release|Win32
		{B3A508C2-9152-4F2C-87D1-992A59335493}.Release|Win32.Build.0 = Release|Win32
		{63BF747F-7612-4CA0-9DF3-2A8EAC7C5707}.Debug|Win32.ActiveCfg = Debug|Win32
		{63BF747F-7612-4CA0-9DF3-2A8EAC7C5707}.Debug|Win32.Build.0 = Debug|Win32
		{63BF747F-7612-4CA0-9DF3-2A8EAC7C5707}.Release|Win32.ActiveCfg = Release|Win32
		{63BF747F-7612-4CA0-9DF3-2A8EAC7C5707}.Release|Win32.Build.0 = Release|Win32
		{ADD36F5F-76BE-46E4-861E-83F1BEDD84CE}.Debug|Win32.ActiveCfg = Debug|Win32
		{ADD36F5F-76BE-46E4-861E-83F1BEDD84CE}.Debug|Win32.Build.0 = Debug|Win32
		{ADD36F5F-76BE-46E4-861E-83F1BEDD84CE}.Release|Win32.ActiveCfg = Release|Win32
		{ADD36F5F-76BE-46E4-861E-83F1BEDD84CE}.Release|Win32.Build.0 = Release|Win32
		{92ECA784-C3D7-4C97-81FA-42D24A913573}.Debug|Win32.ActiveCfg = Debug|Win32
		{92ECA784-C3D7-4C97-81FA-42D24A913573}.Debug|Win32.Build.0 = Debug|Win32
		{92ECA784-C3D7-4C97-81FA-42D24A913573}.Release|Win32.ActiveCfg = Release|Win32
		{92ECA784-C3D7-4C97-81FA-42D24A913573}.Release|Win32.Build.0 = Release|Win32
		{F148D21D-F7C3-4379-957C-FCA8529E063A}.Debug|Win32.ActiveCfg = Debug|Win32
		{F148D21D-F7C3-4379-957C-FCA8529E063A}.Debug|Win32.Build.0 = Debug|Win32
		{F148D21D-F7C3-4379-957C-FCA8529E063A}.Release|Win32.ActiveCfg = Release|Win32
		{F148D21D-F7C3-4379-957C-FCA8529E063A}.Release|Win32.Build.0 = Release|Win32
		{E0070B6A-10F6-46B8-80FE-10287B71C741}.Debug|Win32.ActiveCfg = Debug|Win32
		{E0070B6A-10F6-46B8-80FE-10287B71C741}.Debug|Win32.Build.0 = Debug|Win32
		{E0070B6A-10F6-46B8-80FE-10287B71C741}.Release|Win32.ActiveCfg = Release|Win32
		{E0070B6A-10F6-46B8-80FE-10287B71C741}.Release|Win32.Build.0 = Release|Win32
		{72A4E4A2-9E1A-4457-9644-3662C4AD095C}.Debug|Win32.ActiveCfg = Debug|Win32
		{72A4E4A2-9E1A-4457-9644-3662C4AD095C}.Debug|Win32.Build.0 = Debug|Win32
		{72A4E4A2-9E1A-4457-9644-3662C4AD095C}.Release|Win32.ActiveCfg = Release|Win32
		{72A4E4A2-9E1A-4457-9644-3662C4AD095C}.Release|Win32.Build.0 = Release|Win32
		{0DDCDC4F-CBDA-4294-9CE4-46E09BB62437}.Debug|Win32.ActiveCfg = Debug|Win32
		{0DDCDC4F-CBDA-4294-9CE4-46E09BB62437}.Debug|Win32.Build.0 = Debug|Win32
		{0DDCDC4F-CBDA-4294-9CE4-46E09BB62437}.Release|Win32.ActiveCfg = Release|Win32
		{0DDCDC4F-CBDA-4294-9CE4-46E09BB62437}.Release|Win32.Build.0 = Release|Win32
		{76CFC86A-73F4-4565-B4FC-2F1CC3CC4735}.Debug|Win32.ActiveCfg = Debug|Win32
		{76CFC86A-73F4-4565-B4FC-2F1CC3CC4735}.Debug|Win32.Build.0 = Debug|Win32
		{76CFC86A-73F4-4565-B4FC-2F1CC3CC4735}.Release|Win32.ActiveCfg = Release|Win32
		{76CFC86A-73F4-4565-B4FC-2F1CC3CC4735}.Release|Win32.Build.0 = Release|Win32
		{F8254252-C648-4CC3-AFEB-251A62ED5370}.Debug|Win32.ActiveCfg = Debug|Win32
		{F8254252-C648-4CC3-AFEB-251A62ED5370}.Debug|Win32.Build.0 = Debug|Win32
		{F8254252-C648-4CC3-AFEB-251A62ED5370}.Release|Win32.ActiveCfg = Release|Win32
		{F8254252-C648-4CC3-AFEB-251A62ED5370}.Release|Win32.Build.0 = Release|Win32
		{0893D6E4-3AC1-41BA-9E47-04725BDCDF0F}.Debug|Win32.ActiveCfg = Debug|Win32
		{0893D6E4-3AC1-41BA-9E47-04725BDCDF0F}.Debug|Win32.Build.0 = Debug|Win32
		{0893D6E4-3AC1-41BA-9E47-04725BDCDF0F}.Release|Win32.ActiveCfg = Release|Win32
		{0893D6E4-3AC1-41BA-9E47-04725BDCDF0F}.Release|Win32.Build.0 = Release|Win32
		{DD83AF31-DB7B-4AFA-A0D8-94CDF9884D21}.Debug|Win32.ActiveCfg = Debug|Win32
		{DD83AF31-DB7B-4AFA-A0D8-94CDF9884D21}.Debug|Win32.Build.0 = Debug|Win32
		{DD83AF31-DB7B-4AFA-A0D8-94CDF9884D21}.Release|Win32.ActiveCfg = Release|Win32
		{DD83AF31-DB7B-4AFA-A0D8-94CDF9884D21}.Release|Win32.Build.0 = Release|Win32
		{5E7A07C7-497F-427C-914D-1FF16E646609}.Debug|Win32.ActiveCfg = Debug|Win32
		{5E7A07C7-497F-427C-914D-1FF16E646609}.Debug|Win32.Build.0 = Debug|Win32
		{5E7A07C7-497F-427C-914D-1FF16E646609}.Release|Win32.ActiveCfg = Release|Win32
		{5E7A07C7-497F-427C-914D-1FF16E646609}.Release|Win32.Build.0 = Release|Win32
		{6CD57906-81D9-4FCB-8780-D9404310A2E9}.Debug|Win32.ActiveCfg = Debug|Win32
		{6CD57906-81D9-4FCB-8780-D9404310A2E9}.Debug|Win32.Build.0 = Debug|Win32
		{6CD57906-81D9-4FCB-8780-D9404310A2E9}.Release|Win32.ActiveCfg = Release|Win32
		{6CD57906-81D9-4FCB-8780-D9404310A2E9}.Release|Win32.Build.0 = Release|Win32
	EndGlobalSection
EndGlobal
